
Microsoft Visual Studio Solution File, Format Version 12.00
# Visual Studio Version 16
VisualStudioVersion = 16.0.29519.181
MinimumVisualStudioVersion = 10.0.40219.1
Project("{FAE04EC0-301F-11D3-BF4B-00C04F79EFBC}") = "Api", "Api.csproj", "{CC8ADC00-8B23-4B4C-B383-A0A491EA14EF}"
EndProject
Project("{FAE04EC0-301F-11D3-BF4B-00C04F79EFBC}") = "Api.Core", "..\Api.Core\Api.Core.csproj", "{2E69039C-D00C-4689-8ED4-1ADB7623AE8F}"
EndProject
Project("{FAE04EC0-301F-11D3-BF4B-00C04F79EFBC}") = "Api.Infrastructure", "..\Api.Infrastructure\Api.Infrastructure.csproj", "{074243F2-75FF-4CAB-BDE6-99ACB6D9389E}"
EndProject
Global
	GlobalSection(SolutionConfigurationPlatforms) = preSolution
		Debug|Any CPU = Debug|Any CPU
		Release|Any CPU = Release|Any CPU
	EndGlobalSection
	GlobalSection(ProjectConfigurationPlatforms) = postSolution
		{CC8ADC00-8B23-4B4C-B383-A0A491EA14EF}.Debug|Any CPU.ActiveCfg = Debug|Any CPU
		{CC8ADC00-8B23-4B4C-B383-A0A491EA14EF}.Debug|Any CPU.Build.0 = Debug|Any CPU
		{CC8ADC00-8B23-4B4C-B383-A0A491EA14EF}.Release|Any CPU.ActiveCfg = Release|Any CPU
		{CC8ADC00-8B23-4B4C-B383-A0A491EA14EF}.Release|Any CPU.Build.0 = Release|Any CPU
		{2E69039C-D00C-4689-8ED4-1ADB7623AE8F}.Debug|Any CPU.ActiveCfg = Debug|Any CPU
		{2E69039C-D00C-4689-8ED4-1ADB7623AE8F}.Debug|Any CPU.Build.0 = Debug|Any CPU
		{2E69039C-D00C-4689-8ED4-1ADB7623AE8F}.Release|Any CPU.ActiveCfg = Release|Any CPU
		{2E69039C-D00C-4689-8ED4-1ADB7623AE8F}.Release|Any CPU.Build.0 = Release|Any CPU
		{074243F2-75FF-4CAB-BDE6-99ACB6D9389E}.Debug|Any CPU.ActiveCfg = Debug|Any CPU
		{074243F2-75FF-4CAB-BDE6-99ACB6D9389E}.Debug|Any CPU.Build.0 = Debug|Any CPU
		{074243F2-75FF-4CAB-BDE6-99ACB6D9389E}.Release|Any CPU.ActiveCfg = Release|Any CPU
		{074243F2-75FF-4CAB-BDE6-99ACB6D9389E}.Release|Any CPU.Build.0 = Release|Any CPU
	EndGlobalSection
	GlobalSection(SolutionProperties) = preSolution
		HideSolutionNode = FALSE
	EndGlobalSection
	GlobalSection(ExtensibilityGlobals) = postSolution
		SolutionGuid = {69ACF060-49D7-4C0B-86D9-B2F11C39D809}
	EndGlobalSection
EndGlobal
